
Microsoft Visual Studio Solution File, Format Version 12.00
# Visual Studio Version 16
VisualStudioVersion = 16.0.31624.102
MinimumVisualStudioVersion = 10.0.40219.1
Project("{9A19103F-16F7-4668-BE54-9A1E7A4F7556}") = "IkasaBooks.API", "IkasaBooks.API\IkasaBooks.API.csproj", "{FCDA7608-F0F5-48A9-BCE7-D552509F0F8F}"
EndProject
Project("{FAE04EC0-301F-11D3-BF4B-00C04F79EFBC}") = "IkasaBooks.MVC", "IkasaBooks.MVC\IkasaBooks.MVC.csproj", "{8EFBDB77-8845-4368-805D-873B68B4E2DF}"
EndProject
Project("{FAE04EC0-301F-11D3-BF4B-00C04F79EFBC}") = "IkasaBooks.Models", "IkasaBooks.Models\IkasaBooks.Models.csproj", "{74205ECB-8206-4603-97B9-8FFDBAEAC092}"
EndProject
Project("{FAE04EC0-301F-11D3-BF4B-00C04F79EFBC}") = "IkasaBooks.Core", "IkasaBooks.Core\IkasaBooks.Core.csproj", "{DC076B6A-7148-4980-8E05-2463F539EF11}"
EndProject
Project("{FAE04EC0-301F-11D3-BF4B-00C04F79EFBC}") = "IkasaBooks.Data", "IkasaBooks.Data\IkasaBooks.Data.csproj", "{4D7CF457-3BFC-4269-9902-7F28EE1A3486}"
EndProject
Project("{FAE04EC0-301F-11D3-BF4B-00C04F79EFBC}") = "IkasaBooks.Core.Api", "IkasaBooks.Core.Api\IkasaBooks.Core.Api.csproj", "{32ABE01F-264E-4FB3-BFF4-EB7509E1C650}"
EndProject
Global
	GlobalSection(SolutionConfigurationPlatforms) = preSolution
		Debug|Any CPU = Debug|Any CPU
		Release|Any CPU = Release|Any CPU
	EndGlobalSection
	GlobalSection(ProjectConfigurationPlatforms) = postSolution
		{FCDA7608-F0F5-48A9-BCE7-D552509F0F8F}.Debug|Any CPU.ActiveCfg = Debug|Any CPU
		{FCDA7608-F0F5-48A9-BCE7-D552509F0F8F}.Debug|Any CPU.Build.0 = Debug|Any CPU
		{FCDA7608-F0F5-48A9-BCE7-D552509F0F8F}.Release|Any CPU.ActiveCfg = Release|Any CPU
		{FCDA7608-F0F5-48A9-BCE7-D552509F0F8F}.Release|Any CPU.Build.0 = Release|Any CPU
		{8EFBDB77-8845-4368-805D-873B68B4E2DF}.Debug|Any CPU.ActiveCfg = Debug|Any CPU
		{8EFBDB77-8845-4368-805D-873B68B4E2DF}.Debug|Any CPU.Build.0 = Debug|Any CPU
		{8EFBDB77-8845-4368-805D-873B68B4E2DF}.Release|Any CPU.ActiveCfg = Release|Any CPU
		{8EFBDB77-8845-4368-805D-873B68B4E2DF}.Release|Any CPU.Build.0 = Release|Any CPU
		{74205ECB-8206-4603-97B9-8FFDBAEAC092}.Debug|Any CPU.ActiveCfg = Debug|Any CPU
		{74205ECB-8206-4603-97B9-8FFDBAEAC092}.Debug|Any CPU.Build.0 = Debug|Any CPU
		{74205ECB-8206-4603-97B9-8FFDBAEAC092}.Release|Any CPU.ActiveCfg = Release|Any CPU
		{74205ECB-8206-4603-97B9-8FFDBAEAC092}.Release|Any CPU.Build.0 = Release|Any CPU
		{DC076B6A-7148-4980-8E05-2463F539EF11}.Debug|Any CPU.ActiveCfg = Debug|Any CPU
		{DC076B6A-7148-4980-8E05-2463F539EF11}.Debug|Any CPU.Build.0 = Debug|Any CPU
		{DC076B6A-7148-4980-8E05-2463F539EF11}.Release|Any CPU.ActiveCfg = Release|Any CPU
		{DC076B6A-7148-4980-8E05-2463F539EF11}.Release|Any CPU.Build.0 = Release|Any CPU
		{4D7CF457-3BFC-4269-9902-7F28EE1A3486}.Debug|Any CPU.ActiveCfg = Debug|Any CPU
		{4D7CF457-3BFC-4269-9902-7F28EE1A3486}.Debug|Any CPU.Build.0 = Debug|Any CPU
		{4D7CF457-3BFC-4269-9902-7F28EE1A3486}.Release|Any CPU.ActiveCfg = Release|Any CPU
		{4D7CF457-3BFC-4269-9902-7F28EE1A3486}.Release|Any CPU.Build.0 = Release|Any CPU
		{32ABE01F-264E-4FB3-BFF4-EB7509E1C650}.Debug|Any CPU.ActiveCfg = Debug|Any CPU
		{32ABE01F-264E-4FB3-BFF4-EB7509E1C650}.Debug|Any CPU.Build.0 = Debug|Any CPU
		{32ABE01F-264E-4FB3-BFF4-EB7509E1C650}.Release|Any CPU.ActiveCfg = Release|Any CPU
		{32ABE01F-264E-4FB3-BFF4-EB7509E1C650}.Release|Any CPU.Build.0 = Release|Any CPU
	EndGlobalSection
	GlobalSection(SolutionProperties) = preSolution
		HideSolutionNode = FALSE
	EndGlobalSection
	GlobalSection(ExtensibilityGlobals) = postSolution
		SolutionGuid = {402D4EA1-8A0A-407B-98AF-4771FC0B5E84}
	EndGlobalSection
EndGlobal
